{
  "name": "s3-native-format-example",
  "lockfileVersion": 3,
  "requires": true,
  "packages": {
    "": {
      "name": "s3-native-format-example",
      "dependencies": {
        "csv-parse": "7.0.2",
        "csv-stringify": "6.8.3",
        "hyparquet": "1.30.1",
        "hyparquet-writer": "0.16.9"
      }
    },
    "node_modules/csv-parse": {
      "version": "7.0.2",
      "resolved": "https://registry.npmjs.org/csv-parse/-/csv-parse-7.0.2.tgz",
      "integrity": "sha512-uKZghv9UmPkMVLYy//KZ9HFAIJsl7wkhoEdIL0+rhuSY9pZQlhaeGEDPIe+/w7eh81MOql8Q/9+inAGWG6ZHYA==",
      "license": "MIT"
    },
    "node_modules/csv-stringify": {
      "version": "6.8.3",
      "resolved": "https://registry.npmjs.org/csv-stringify/-/csv-stringify-6.8.3.tgz",
      "integrity": "sha512-gIeSCvq5F4VtXV3naV3VAewLhBkiZBz+PPhTOA8H3Y8h/ELa+R1ml0GZck/4/Nzo9ep2lvOluilJ6MJlbZsKMA==",
      "license": "MIT"
    },
    "node_modules/hyparquet": {
      "version": "1.30.1",
      "resolved": "https://registry.npmjs.org/hyparquet/-/hyparquet-1.30.1.tgz",
      "integrity": "sha512-307mnGbxzx0nXPGTV6Mhp10gKIu6t+NhvBQJF+PVQsHA295sqznlVOqEAH+fohH2Rqx7NV0Myh9rmuM9E9Ch+w==",
      "license": "MIT"
    },
    "node_modules/hyparquet-writer": {
      "version": "0.16.9",
      "resolved": "https://registry.npmjs.org/hyparquet-writer/-/hyparquet-writer-0.16.9.tgz",
      "integrity": "sha512-VZvH4Vq9lQwZa/+1y4YrEwF9+FAe5pED+mVN4AHflCoFk5LG2RemMHW9iwVlVqug7fO3ATwEMSG68cr3uZAkjQ==",
      "license": "MIT",
      "dependencies": {
        "hyparquet": "1.29.2"
      }
    },
    "node_modules/hyparquet-writer/node_modules/hyparquet": {
      "version": "1.29.2",
      "resolved": "https://registry.npmjs.org/hyparquet/-/hyparquet-1.29.2.tgz",
      "integrity": "sha512-2LxinZ8X0JqToST+9OXcy9t3t5Q7ZneMTkSqUx/36Hv18pCTk/N71IWZc7APTSNG1Me39l/jjEvzZSZ0R+Knbw==",
      "license": "MIT"
    }
  }
}
